// !$*UTF8*$!
{
	archiveVersion = 1;
	classes = {
	};
	objectVersion = 56;
	objects = {

/* Begin PBXBuildFile section */
		53A864A828DD443200E5CB73 /* TouchdownApp.swift in Sources */ = {isa = PBXBuildFile; fileRef = 53A864A728DD443200E5CB73 /* TouchdownApp.swift */; };
		53A864AA28DD443200E5CB73 /* ContentView.swift in Sources */ = {isa = PBXBuildFile; fileRef = 53A864A928DD443200E5CB73 /* ContentView.swift */; };
		53A864AC28DD443300E5CB73 /* Assets.xcassets in Resources */ = {isa = PBXBuildFile; fileRef = 53A864AB28DD443300E5CB73 /* Assets.xcassets */; };
		53A864AF28DD443300E5CB73 /* Preview Assets.xcassets in Resources */ = {isa = PBXBuildFile; fileRef = 53A864AE28DD443300E5CB73 /* Preview Assets.xcassets */; };
		53A864C928DD455800E5CB73 /* player.json in Resources */ = {isa = PBXBuildFile; fileRef = 53A864C528DD455800E5CB73 /* player.json */; };
		53A864CA28DD455800E5CB73 /* brand.json in Resources */ = {isa = PBXBuildFile; fileRef = 53A864C628DD455800E5CB73 /* brand.json */; };
		53A864CB28DD455800E5CB73 /* category.json in Resources */ = {isa = PBXBuildFile; fileRef = 53A864C728DD455800E5CB73 /* category.json */; };
		53A864CC28DD455800E5CB73 /* product.json in Resources */ = {isa = PBXBuildFile; fileRef = 53A864C828DD455800E5CB73 /* product.json */; };
		53A864D828DD477800E5CB73 /* Constant.swift in Sources */ = {isa = PBXBuildFile; fileRef = 53A864D728DD477800E5CB73 /* Constant.swift */; };
		53A864DA28DD4BD700E5CB73 /* FooterView.swift in Sources */ = {isa = PBXBuildFile; fileRef = 53A864D928DD4BD700E5CB73 /* FooterView.swift */; };
/* End PBXBuildFile section */

/* Begin PBXFileReference section */
		53A864A428DD443200E5CB73 /* Touchdown.app */ = {isa = PBXFileReference; explicitFileType = wrapper.application; includeInIndex = 0; path = Touchdown.app; sourceTree = BUILT_PRODUCTS_DIR; };
		53A864A728DD443200E5CB73 /* TouchdownApp.swift */ = {isa = PBXFileReference; lastKnownFileType = sourcecode.swift; path = TouchdownApp.swift; sourceTree = "<group>"; };
		53A864A928DD443200E5CB73 /* ContentView.swift */ = {isa = PBXFileReference; lastKnownFileType = sourcecode.swift; path = ContentView.swift; sourceTree = "<group>"; };
		53A864AB28DD443300E5CB73 /* Assets.xcassets */ = {isa = PBXFileReference; lastKnownFileType = folder.assetcatalog; path = Assets.xcassets; sourceTree = "<group>"; };
		53A864AE28DD443300E5CB73 /* Preview Assets.xcassets */ = {isa = PBXFileReference; lastKnownFileType = folder.assetcatalog; path = "Preview Assets.xcassets"; sourceTree = "<group>"; };
		53A864C528DD455800E5CB73 /* player.json */ = {isa = PBXFileReference; fileEncoding = 4; lastKnownFileType = text.json; path = player.json; sourceTree = "<group>"; };
		53A864C628DD455800E5CB73 /* brand.json */ = {isa = PBXFileReference; fileEncoding = 4; lastKnownFileType = text.json; path = brand.json; sourceTree = "<group>"; };
		53A864C728DD455800E5CB73 /* category.json */ = {isa = PBXFileReference; fileEncoding = 4; lastKnownFileType = text.json; path = category.json; sourceTree = "<group>"; };
		53A864C828DD455800E5CB73 /* product.json */ = {isa = PBXFileReference; fileEncoding = 4; lastKnownFileType = text.json; path = product.json; sourceTree = "<group>"; };
		53A864CE28DD45E500E5CB73 /* Info.plist */ = {isa = PBXFileReference; lastKnownFileType = text.plist; path = Info.plist; sourceTree = "<group>"; };
		53A864D728DD477800E5CB73 /* Constant.swift */ = {isa = PBXFileReference; lastKnownFileType = sourcecode.swift; path = Constant.swift; sourceTree = "<group>"; };
		53A864D928DD4BD700E5CB73 /* FooterView.swift */ = {isa = PBXFileReference; lastKnownFileType = sourcecode.swift; path = FooterView.swift; sourceTree = "<group>"; };
/* End PBXFileReference section */

/* Begin PBXFrameworksBuildPhase section */
		53A864A128DD443200E5CB73 /* Frameworks */ = {
			isa = PBXFrameworksBuildPhase;
			buildActionMask = 2147483647;
			files = (
			);
			runOnlyForDeploymentPostprocessing = 0;
		};
/* End PBXFrameworksBuildPhase section */

/* Begin PBXGroup section */
		53A8649B28DD443200E5CB73 = {
			isa = PBXGroup;
			children = (
				53A864A628DD443200E5CB73 /* Touchdown */,
				53A864A528DD443200E5CB73 /* Products */,
			);
			sourceTree = "<group>";
		};
		53A864A528DD443200E5CB73 /* Products */ = {
			isa = PBXGroup;
			children = (
				53A864A428DD443200E5CB73 /* Touchdown.app */,
			);
			name = Products;
			sourceTree = "<group>";
		};
		53A864A628DD443200E5CB73 /* Touchdown */ = {
			isa = PBXGroup;
			children = (
				53A864D028DD46E800E5CB73 /* App */,
				53A864D128DD471900E5CB73 /* View */,
				53A864D428DD472C00E5CB73 /* Model */,
				53A864CD28DD455C00E5CB73 /* Data */,
				53A864D628DD473B00E5CB73 /* Utils */,
				53A864D528DD473000E5CB73 /* Extention */,
				53A864CE28DD45E500E5CB73 /* Info.plist */,
				53A864AB28DD443300E5CB73 /* Assets.xcassets */,
				53A864AD28DD443300E5CB73 /* Preview Content */,
			);
			path = Touchdown;
			sourceTree = "<group>";
		};
		53A864AD28DD443300E5CB73 /* Preview Content */ = {
			isa = PBXGroup;
			children = (
				53A864AE28DD443300E5CB73 /* Preview Assets.xcassets */,
			);
			path = "Preview Content";
			sourceTree = "<group>";
		};
		53A864CD28DD455C00E5CB73 /* Data */ = {
			isa = PBXGroup;
			children = (
				53A864C628DD455800E5CB73 /* brand.json */,
				53A864C728DD455800E5CB73 /* category.json */,
				53A864C528DD455800E5CB73 /* player.json */,
				53A864C828DD455800E5CB73 /* product.json */,
			);
			path = Data;
			sourceTree = "<group>";
		};
		53A864D028DD46E800E5CB73 /* App */ = {
			isa = PBXGroup;
			children = (
				53A864A728DD443200E5CB73 /* TouchdownApp.swift */,
				53A864A928DD443200E5CB73 /* ContentView.swift */,
			);
			path = App;
			sourceTree = "<group>";
		};
		53A864D128DD471900E5CB73 /* View */ = {
			isa = PBXGroup;
			children = (
				53A864D328DD472600E5CB73 /* Details */,
				53A864D228DD471F00E5CB73 /* Home */,
			);
			path = View;
			sourceTree = "<group>";
		};
		53A864D228DD471F00E5CB73 /* Home */ = {
			isa = PBXGroup;
			children = (
				53A864D928DD4BD700E5CB73 /* FooterView.swift */,
			);
			path = Home;
			sourceTree = "<group>";
		};
		53A864D328DD472600E5CB73 /* Details */ = {
			isa = PBXGroup;
			children = (
			);
			path = Details;
			sourceTree = "<group>";
		};
		53A864D428DD472C00E5CB73 /* Model */ = {
			isa = PBXGroup;
			children = (
			);
			path = Model;
			sourceTree = "<group>";
		};
		53A864D528DD473000E5CB73 /* Extention */ = {
			isa = PBXGroup;
			children = (
			);
			path = Extention;
			sourceTree = "<group>";
		};
		53A864D628DD473B00E5CB73 /* Utils */ = {
			isa = PBXGroup;
			children = (
				53A864D728DD477800E5CB73 /* Constant.swift */,
			);
			path = Utils;
			sourceTree = "<group>";
		};
/* End PBXGroup section */

/* Begin PBXNativeTarget section */
		53A864A328DD443200E5CB73 /* Touchdown */ = {
			isa = PBXNativeTarget;
			buildConfigurationList = 53A864B228DD443300E5CB73 /* Build configuration list for PBXNativeTarget "Touchdown" */;
			buildPhases = (
				53A864A028DD443200E5CB73 /* Sources */,
				53A864A128DD443200E5CB73 /* Frameworks */,
				53A864A228DD443200E5CB73 /* Resources */,
			);
			buildRules = (
			);
			dependencies = (
			);
			name = Touchdown;
			productName = Touchdown;
			productReference = 53A864A428DD443200E5CB73 /* Touchdown.app */;
			productType = "com.apple.product-type.application";
		};
/* End PBXNativeTarget section */

/* Begin PBXProject section */
		53A8649C28DD443200E5CB73 /* Project object */ = {
			isa = PBXProject;
			attributes = {
				BuildIndependentTargetsInParallel = 1;
				LastSwiftUpdateCheck = 1400;
				LastUpgradeCheck = 1400;
				TargetAttributes = {
					53A864A328DD443200E5CB73 = {
						CreatedOnToolsVersion = 14.0;
					};
				};
			};
			buildConfigurationList = 53A8649F28DD443200E5CB73 /* Build configuration list for PBXProject "Touchdown" */;
			compatibilityVersion = "Xcode 14.0";
			developmentRegion = en;
			hasScannedForEncodings = 0;
			knownRegions = (
				en,
				Base,
			);
			mainGroup = 53A8649B28DD443200E5CB73;
			productRefGroup = 53A864A528DD443200E5CB73 /* Products */;
			projectDirPath = "";
			projectRoot = "";
			targets = (
				53A864A328DD443200E5CB73 /* Touchdown */,
			);
		};
/* End PBXProject section */

/* Begin PBXResourcesBuildPhase section */
		53A864A228DD443200E5CB73 /* Resources */ = {
			isa = PBXResourcesBuildPhase;
			buildActionMask = 2147483647;
			files = (
				53A864C928DD455800E5CB73 /* player.json in Resources */,
				53A864CA28DD455800E5CB73 /* brand.json in Resources */,
				53A864CB28DD455800E5CB73 /* category.json in Resources */,
				53A864AF28DD443300E5CB73 /* Preview Assets.xcassets in Resources */,
				53A864AC28DD443300E5CB73 /* Assets.xcassets in Resources */,
				53A864CC28DD455800E5CB73 /* product.json in Resources */,
			);
			runOnlyForDeploymentPostprocessing = 0;
		};
/* End PBXResourcesBuildPhase section */

/* Begin PBXSourcesBuildPhase section */
		53A864A028DD443200E5CB73 /* Sources */ = {
			isa = PBXSourcesBuildPhase;
			buildActionMask = 2147483647;
			files = (
				53A864AA28DD443200E5CB73 /* ContentView.swift in Sources */,
				53A864DA28DD4BD700E5CB73 /* FooterView.swift in Sources */,
				53A864A828DD443200E5CB73 /* TouchdownApp.swift in Sources */,
				53A864D828DD477800E5CB73 /* Constant.swift in Sources */,
			);
			runOnlyForDeploymentPostprocessing = 0;
		};
/* End PBXSourcesBuildPhase section */

/* Begin XCBuildConfiguration section */
		53A864B028DD443300E5CB73 /* Debug */ = {
			isa = XCBuildConfiguration;
			buildSettings = {
				ALWAYS_SEARCH_USER_PATHS = NO;
				CLANG_ANALYZER_NONNULL = YES;
				CLANG_ANALYZER_NUMBER_OBJECT_CONVERSION = YES_AGGRESSIVE;
				CLANG_CXX_LANGUAGE_STANDARD = "gnu++20";
				CLANG_ENABLE_MODULES = YES;
				CLANG_ENABLE_OBJC_ARC = YES;
				CLANG_ENABLE_OBJC_WEAK = YES;
				CLANG_WARN_BLOCK_CAPTURE_AUTORELEASING = YES;
				CLANG_WARN_BOOL_CONVERSION = YES;
				CLANG_WARN_COMMA = YES;
				CLANG_WARN_CONSTANT_CONVERSION = YES;
				CLANG_WARN_DEPRECATED_OBJC_IMPLEMENTATIONS = YES;
				CLANG_WARN_DIRECT_OBJC_ISA_USAGE = YES_ERROR;
				CLANG_WARN_DOCUMENTATION_COMMENTS = YES;
				CLANG_WARN_EMPTY_BODY = YES;
				CLANG_WARN_ENUM_CONVERSION = YES;
				CLANG_WARN_INFINITE_RECURSION = YES;
				CLANG_WARN_INT_CONVERSION = YES;
				CLANG_WARN_NON_LITERAL_NULL_CONVERSION = YES;
				CLANG_WARN_OBJC_IMPLICIT_RETAIN_SELF = YES;
				CLANG_WARN_OBJC_LITERAL_CONVERSION = YES;
				CLANG_WARN_OBJC_ROOT_CLASS = YES_ERROR;
				CLANG_WARN_QUOTED_INCLUDE_IN_FRAMEWORK_HEADER = YES;
				CLANG_WARN_RANGE_LOOP_ANALYSIS = YES;
				CLANG_WARN_STRICT_PROTOTYPES = YES;
				CLANG_WARN_SUSPICIOUS_MOVE = YES;
				CLANG_WARN_UNGUARDED_AVAILABILITY = YES_AGGRESSIVE;
				CLANG_WARN_UNREACHABLE_CODE = YES;
				CLANG_WARN__DUPLICATE_METHOD_MATCH = YES;
				COPY_PHASE_STRIP = NO;
				DEBUG_INFORMATION_FORMAT = dwarf;
				ENABLE_STRICT_OBJC_MSGSEND = YES;
				ENABLE_TESTABILITY = YES;
				GCC_C_LANGUAGE_STANDARD = gnu11;
				GCC_DYNAMIC_NO_PIC = NO;
				GCC_NO_COMMON_BLOCKS = YES;
				GCC_OPTIMIZATION_LEVEL = 0;
				GCC_PREPROCESSOR_DEFINITIONS = (
					"DEBUG=1",
					"$(inherited)",
				);
				GCC_WARN_64_TO_32_BIT_CONVERSION = YES;
				GCC_WARN_ABOUT_RETURN_TYPE = YES_ERROR;
				GCC_WARN_UNDECLARED_SELECTOR = YES;
				GCC_WARN_UNINITIALIZED_AUTOS = YES_AGGRESSIVE;
				GCC_WARN_UNUSED_FUNCTION = YES;
				GCC_WARN_UNUSED_VARIABLE = YES;
				IPHONEOS_DEPLOYMENT_TARGET = 16.0;
				MTL_ENABLE_DEBUG_INFO = INCLUDE_SOURCE;
				MTL_FAST_MATH = YES;
				ONLY_ACTIVE_ARCH = YES;
				SDKROOT = iphoneos;
				SWIFT_ACTIVE_COMPILATION_CONDITIONS = DEBUG;
				SWIFT_OPTIMIZATION_LEVEL = "-Onone";
			};
			name = Debug;
		};
		53A864B128DD443300E5CB73 /* Release */ = {
			isa = XCBuildConfiguration;
			buildSettings = {
				ALWAYS_SEARCH_USER_PATHS = NO;
				CLANG_ANALYZER_NONNULL = YES;
				CLANG_ANALYZER_NUMBER_OBJECT_CONVERSION = YES_AGGRESSIVE;
				CLANG_CXX_LANGUAGE_STANDARD = "gnu++20";
				CLANG_ENABLE_MODULES = YES;
				CLANG_ENABLE_OBJC_ARC = YES;
				CLANG_ENABLE_OBJC_WEAK = YES;
				CLANG_WARN_BLOCK_CAPTURE_AUTORELEASING = YES;
				CLANG_WARN_BOOL_CONVERSION = YES;
				CLANG_WARN_COMMA = YES;
				CLANG_WARN_CONSTANT_CONVERSION = YES;
				CLANG_WARN_DEPRECATED_OBJC_IMPLEMENTATIONS = YES;
				CLANG_WARN_DIRECT_OBJC_ISA_USAGE = YES_ERROR;
				CLANG_WARN_DOCUMENTATION_COMMENTS = YES;
				CLANG_WARN_EMPTY_BODY = YES;
				CLANG_WARN_ENUM_CONVERSION = YES;
				CLANG_WARN_INFINITE_RECURSION = YES;
				CLANG_WARN_INT_CONVERSION = YES;
				CLANG_WARN_NON_LITERAL_NULL_CONVERSION = YES;
				CLANG_WARN_OBJC_IMPLICIT_RETAIN_SELF = YES;
				CLANG_WARN_OBJC_LITERAL_CONVERSION = YES;
				CLANG_WARN_OBJC_ROOT_CLASS = YES_ERROR;
				CLANG_WARN_QUOTED_INCLUDE_IN_FRAMEWORK_HEADER = YES;
				CLANG_WARN_RANGE_LOOP_ANALYSIS = YES;
				CLANG_WARN_STRICT_PROTOTYPES = YES;
				CLANG_WARN_SUSPICIOUS_MOVE = YES;
				CLANG_WARN_UNGUARDED_AVAILABILITY = YES_AGGRESSIVE;
				CLANG_WARN_UNREACHABLE_CODE = YES;
				CLANG_WARN__DUPLICATE_METHOD_MATCH = YES;
				COPY_PHASE_STRIP = NO;
				DEBUG_INFORMATION_FORMAT = "dwarf-with-dsym";
				ENABLE_NS_ASSERTIONS = NO;
				ENABLE_STRICT_OBJC_MSGSEND = YES;
				GCC_C_LANGUAGE_STANDARD = gnu11;
				GCC_NO_COMMON_BLOCKS = YES;
				GCC_WARN_64_TO_32_BIT_CONVERSION = YES;
				GCC_WARN_ABOUT_RETURN_TYPE = YES_ERROR;
				GCC_WARN_UNDECLARED_SELECTOR = YES;
				GCC_WARN_UNINITIALIZED_AUTOS = YES_AGGRESSIVE;
				GCC_WARN_UNUSED_FUNCTION = YES;
				GCC_WARN_UNUSED_VARIABLE = YES;
				IPHONEOS_DEPLOYMENT_TARGET = 16.0;
				MTL_ENABLE_DEBUG_INFO = NO;
				MTL_FAST_MATH = YES;
				SDKROOT = iphoneos;
				SWIFT_COMPILATION_MODE = wholemodule;
				SWIFT_OPTIMIZATION_LEVEL = "-O";
				VALIDATE_PRODUCT = YES;
			};
			name = Release;
		};
		53A864B328DD443300E5CB73 /* Debug */ = {
			isa = XCBuildConfiguration;
			buildSettings = {
				ASSETCATALOG_COMPILER_APPICON_NAME = AppIcon;
				ASSETCATALOG_COMPILER_GLOBAL_ACCENT_COLOR_NAME = AccentColor;
				CODE_SIGN_STYLE = Automatic;
				CURRENT_PROJECT_VERSION = 1;
				DEVELOPMENT_ASSET_PATHS = "\"Touchdown/Preview Content\"";
				DEVELOPMENT_TEAM = 47K5ANA66W;
				ENABLE_PREVIEWS = YES;
				GENERATE_INFOPLIST_FILE = YES;
				INFOPLIST_FILE = Touchdown/Info.plist;
				INFOPLIST_KEY_UIApplicationSceneManifest_Generation = YES;
				INFOPLIST_KEY_UIApplicationSupportsIndirectInputEvents = YES;
				INFOPLIST_KEY_UISupportedInterfaceOrientations = UIInterfaceOrientationPortrait;
				INFOPLIST_KEY_UISupportedInterfaceOrientations_iPad = "UIInterfaceOrientationLandscapeLeft UIInterfaceOrientationLandscapeRight UIInterfaceOrientationPortrait UIInterfaceOrientationPortraitUpsideDown";
				LD_RUNPATH_SEARCH_PATHS = (
					"$(inherited)",
					"@executable_path/Frameworks",
				);
				MARKETING_VERSION = 1.0;
				PRODUCT_BUNDLE_IDENTIFIER = com.treinamento.Touchdown;
				PRODUCT_NAME = "$(TARGET_NAME)";
				SWIFT_EMIT_LOC_STRINGS = YES;
				SWIFT_VERSION = 5.0;
				TARGETED_DEVICE_FAMILY = "1,2";
			};
			name = Debug;
		};
		53A864B428DD443300E5CB73 /* Release */ = {
			isa = XCBuildConfiguration;
			buildSettings = {
				ASSETCATALOG_COMPILER_APPICON_NAME = AppIcon;
				ASSETCATALOG_COMPILER_GLOBAL_ACCENT_COLOR_NAME = AccentColor;
				CODE_SIGN_STYLE = Automatic;
				CURRENT_PROJECT_VERSION = 1;
				DEVELOPMENT_ASSET_PATHS = "\"Touchdown/Preview Content\"";
				DEVELOPMENT_TEAM = 47K5ANA66W;
				ENABLE_PREVIEWS = YES;
				GENERATE_INFOPLIST_FILE = YES;
				INFOPLIST_FILE = Touchdown/Info.plist;
				INFOPLIST_KEY_UIApplicationSceneManifest_Generation = YES;
				INFOPLIST_KEY_UIApplicationSupportsIndirectInputEvents = YES;
				INFOPLIST_KEY_UISupportedInterfaceOrientations = UIInterfaceOrientationPortrait;
				INFOPLIST_KEY_UISupportedInterfaceOrientations_iPad = "UIInterfaceOrientationLandscapeLeft UIInterfaceOrientationLandscapeRight UIInterfaceOrientationPortrait UIInterfaceOrientationPortraitUpsideDown";
				LD_RUNPATH_SEARCH_PATHS = (
					"$(inherited)",
					"@executable_path/Frameworks",
				);
				MARKETING_VERSION = 1.0;
				PRODUCT_BUNDLE_IDENTIFIER = com.treinamento.Touchdown;
				PRODUCT_NAME = "$(TARGET_NAME)";
				SWIFT_EMIT_LOC_STRINGS = YES;
				SWIFT_VERSION = 5.0;
				TARGETED_DEVICE_FAMILY = "1,2";
			};
			name = Release;
		};
/* End XCBuildConfiguration section */

/* Begin XCConfigurationList section */
		53A8649F28DD443200E5CB73 /* Build configuration list for PBXProject "Touchdown" */ = {
			isa = XCConfigurationList;
			buildConfigurations = (
				53A864B028DD443300E5CB73 /* Debug */,
				53A864B128DD443300E5CB73 /* Release */,
			);
			defaultConfigurationIsVisible = 0;
			defaultConfigurationName = Release;
		};
		53A864B228DD443300E5CB73 /* Build configuration list for PBXNativeTarget "Touchdown" */ = {
			isa = XCConfigurationList;
			buildConfigurations = (
				53A864B328DD443300E5CB73 /* Debug */,
				53A864B428DD443300E5CB73 /* Release */,
			);
			defaultConfigurationIsVisible = 0;
			defaultConfigurationName = Release;
		};
/* End XCConfigurationList section */
	};
	rootObject = 53A8649C28DD443200E5CB73 /* Project object */;
}
